
Microsoft Visual Studio Solution File, Format Version 12.00
# Visual Studio Version 16
VisualStudioVersion = 16.0.32002.261
MinimumVisualStudioVersion = 10.0.40219.1
Project("{FAE04EC0-301F-11D3-BF4B-00C04F79EFBC}") = "WallpaperEngineFileUnistaller", "WallpaperEngineFileUnistaller.csproj", "{09F7BA6D-6F28-4AF3-9747-6A24C3E95401}"
EndProject
Global
	GlobalSection(SolutionConfigurationPlatforms) = preSolution
		Debug|Any CPU = Debug|Any CPU
		Release|Any CPU = Release|Any CPU
	EndGlobalSection
	GlobalSection(ProjectConfigurationPlatforms) = postSolution
		{09F7BA6D-6F28-4AF3-9747-6A24C3E95401}.Debug|Any CPU.ActiveCfg = Debug|Any CPU
		{09F7BA6D-6F28-4AF3-9747-6A24C3E95401}.Debug|Any CPU.Build.0 = Debug|Any CPU
		{09F7BA6D-6F28-4AF3-9747-6A24C3E95401}.Release|Any CPU.ActiveCfg = Release|Any CPU
		{09F7BA6D-6F28-4AF3-9747-6A24C3E95401}.Release|Any CPU.Build.0 = Release|Any CPU
	EndGlobalSection
	GlobalSection(SolutionProperties) = preSolution
		HideSolutionNode = FALSE
	EndGlobalSection
	GlobalSection(ExtensibilityGlobals) = postSolution
		SolutionGuid = {D0E69A10-DD9C-425B-A0F8-9F7C58EA1BAC}
	EndGlobalSection
EndGlobal
